
Microsoft Visual Studio Solution File, Format Version 12.00
# Visual Studio Version 16
VisualStudioVersion = 16.0.31702.278
MinimumVisualStudioVersion = 10.0.40219.1
Project("{9A19103F-16F7-4668-BE54-9A1E7A4F7556}") = "CRM.WebApi", "CRM.WebApi\CRM.WebApi.csproj", "{36126AA1-767D-4BE2-A388-68E4B1F399E5}"
EndProject
Project("{9A19103F-16F7-4668-BE54-9A1E7A4F7556}") = "CRM.Domain", "CRM.Domain\CRM.Domain.csproj", "{3A47E8CA-4197-4877-8917-A6CEAD28891E}"
EndProject
Project("{9A19103F-16F7-4668-BE54-9A1E7A4F7556}") = "CRM.Persistence", "CRM.Persistense\CRM.Persistence.csproj", "{71509398-B01A-4481-8393-CB8D0169AC97}"
EndProject
Project("{9A19103F-16F7-4668-BE54-9A1E7A4F7556}") = "CRM.Application", "CRM.Application\CRM.Application.csproj", "{C9F05C70-20C2-407E-94B7-3F85A5999C76}"
EndProject
Project("{2150E333-8FDC-42A3-9474-1A3956D46DE8}") = "Infrastructure", "Infrastructure", "{DD3EC732-1E67-4139-B08B-F37888C58964}"
EndProject
Project("{9A19103F-16F7-4668-BE54-9A1E7A4F7556}") = "Domain", "Domain\Domain.csproj", "{A3AEF8B1-C29B-4726-BE83-AEF0FF8EC48F}"
EndProject
Project("{9A19103F-16F7-4668-BE54-9A1E7A4F7556}") = "Commands", "Commands\Commands.csproj", "{B445D1B9-4E3A-410A-8E65-D95411213E30}"
EndProject
Project("{9A19103F-16F7-4668-BE54-9A1E7A4F7556}") = "Queries", "Queries\Queries.csproj", "{FDF08156-0489-42F8-8764-3BA133DD9AA5}"
EndProject
Project("{9A19103F-16F7-4668-BE54-9A1E7A4F7556}") = "Linq", "Linq\Linq.csproj", "{E8658C28-6909-4356-A04D-92C66DAB6DE1}"
EndProject
Project("{9A19103F-16F7-4668-BE54-9A1E7A4F7556}") = "DataAnnotations", "DataAnnotations\DataAnnotations.csproj", "{4874995A-023C-4430-8FB9-55CB80AFCEC9}"
EndProject
Project("{9A19103F-16F7-4668-BE54-9A1E7A4F7556}") = "Api", "Api\Api.csproj", "{4F6FFF84-FF7F-4B64-892A-48F85EDA1A34}"
EndProject
Project("{9A19103F-16F7-4668-BE54-9A1E7A4F7556}") = "ApiControllers", "ApiControllers\ApiControllers.csproj", "{60831E77-2742-4AA3-8D14-660929F68E8D}"
EndProject
Project("{9A19103F-16F7-4668-BE54-9A1E7A4F7556}") = "Application", "Application\Application.csproj", "{9DDB2796-8A50-413A-BAF3-668836A90C40}"
EndProject
Project("{9A19103F-16F7-4668-BE54-9A1E7A4F7556}") = "Repositories", "Repositories.Abstractions\Repositories.csproj", "{ED87D7E6-09B2-4423-8841-7C301AD032A4}"
EndProject
Project("{9A19103F-16F7-4668-BE54-9A1E7A4F7556}") = "ORM", "ORM\ORM.csproj", "{C7DBB602-50F0-4B6D-A4EE-53FED6C9ED03}"
EndProject
Project("{9A19103F-16F7-4668-BE54-9A1E7A4F7556}") = "Persistence", "Persistence\Persistence.csproj", "{C3341AFB-7D2E-4173-A44E-E8E92192ACAD}"
EndProject
Project("{FAE04EC0-301F-11D3-BF4B-00C04F79EFBC}") = "CRM.Persistence.Application", "CRM.Persistence.Application\CRM.Persistence.Application.csproj", "{AD105E5C-7283-4783-AEA9-2C16A3DD3DDE}"
EndProject
Global
	GlobalSection(SolutionConfigurationPlatforms) = preSolution
		Debug|Any CPU = Debug|Any CPU
		Release|Any CPU = Release|Any CPU
	EndGlobalSection
	GlobalSection(ProjectConfigurationPlatforms) = postSolution
		{36126AA1-767D-4BE2-A388-68E4B1F399E5}.Debug|Any CPU.ActiveCfg = Debug|Any CPU
		{36126AA1-767D-4BE2-A388-68E4B1F399E5}.Debug|Any CPU.Build.0 = Debug|Any CPU
		{36126AA1-767D-4BE2-A388-68E4B1F399E5}.Release|Any CPU.ActiveCfg = Release|Any CPU
		{36126AA1-767D-4BE2-A388-68E4B1F399E5}.Release|Any CPU.Build.0 = Release|Any CPU
		{3A47E8CA-4197-4877-8917-A6CEAD28891E}.Debug|Any CPU.ActiveCfg = Debug|Any CPU
		{3A47E8CA-4197-4877-8917-A6CEAD28891E}.Debug|Any CPU.Build.0 = Debug|Any CPU
		{3A47E8CA-4197-4877-8917-A6CEAD28891E}.Release|Any CPU.ActiveCfg = Release|Any CPU
		{3A47E8CA-4197-4877-8917-A6CEAD28891E}.Release|Any CPU.Build.0 = Release|Any CPU
		{71509398-B01A-4481-8393-CB8D0169AC97}.Debug|Any CPU.ActiveCfg = Debug|Any CPU
		{71509398-B01A-4481-8393-CB8D0169AC97}.Debug|Any CPU.Build.0 = Debug|Any CPU
		{71509398-B01A-4481-8393-CB8D0169AC97}.Release|Any CPU.ActiveCfg = Release|Any CPU
		{71509398-B01A-4481-8393-CB8D0169AC97}.Release|Any CPU.Build.0 = Release|Any CPU
		{C9F05C70-20C2-407E-94B7-3F85A5999C76}.Debug|Any CPU.ActiveCfg = Debug|Any CPU
		{C9F05C70-20C2-407E-94B7-3F85A5999C76}.Debug|Any CPU.Build.0 = Debug|Any CPU
		{C9F05C70-20C2-407E-94B7-3F85A5999C76}.Release|Any CPU.ActiveCfg = Release|Any CPU
		{C9F05C70-20C2-407E-94B7-3F85A5999C76}.Release|Any CPU.Build.0 = Release|Any CPU
		{A3AEF8B1-C29B-4726-BE83-AEF0FF8EC48F}.Debug|Any CPU.ActiveCfg = Debug|Any CPU
		{A3AEF8B1-C29B-4726-BE83-AEF0FF8EC48F}.Debug|Any CPU.Build.0 = Debug|Any CPU
		{A3AEF8B1-C29B-4726-BE83-AEF0FF8EC48F}.Release|Any CPU.ActiveCfg = Release|Any CPU
		{A3AEF8B1-C29B-4726-BE83-AEF0FF8EC48F}.Release|Any CPU.Build.0 = Release|Any CPU
		{B445D1B9-4E3A-410A-8E65-D95411213E30}.Debug|Any CPU.ActiveCfg = Debug|Any CPU
		{B445D1B9-4E3A-410A-8E65-D95411213E30}.Debug|Any CPU.Build.0 = Debug|Any CPU
		{B445D1B9-4E3A-410A-8E65-D95411213E30}.Release|Any CPU.ActiveCfg = Release|Any CPU
		{B445D1B9-4E3A-410A-8E65-D95411213E30}.Release|Any CPU.Build.0 = Release|Any CPU
		{FDF08156-0489-42F8-8764-3BA133DD9AA5}.Debug|Any CPU.ActiveCfg = Debug|Any CPU
		{FDF08156-0489-42F8-8764-3BA133DD9AA5}.Debug|Any CPU.Build.0 = Debug|Any CPU
		{FDF08156-0489-42F8-8764-3BA133DD9AA5}.Release|Any CPU.ActiveCfg = Release|Any CPU
		{FDF08156-0489-42F8-8764-3BA133DD9AA5}.Release|Any CPU.Build.0 = Release|Any CPU
		{E8658C28-6909-4356-A04D-92C66DAB6DE1}.Debug|Any CPU.ActiveCfg = Debug|Any CPU
		{E8658C28-6909-4356-A04D-92C66DAB6DE1}.Debug|Any CPU.Build.0 = Debug|Any CPU
		{E8658C28-6909-4356-A04D-92C66DAB6DE1}.Release|Any CPU.ActiveCfg = Release|Any CPU
		{E8658C28-6909-4356-A04D-92C66DAB6DE1}.Release|Any CPU.Build.0 = Release|Any CPU
		{4874995A-023C-4430-8FB9-55CB80AFCEC9}.Debug|Any CPU.ActiveCfg = Debug|Any CPU
		{4874995A-023C-4430-8FB9-55CB80AFCEC9}.Debug|Any CPU.Build.0 = Debug|Any CPU
		{4874995A-023C-4430-8FB9-55CB80AFCEC9}.Release|Any CPU.ActiveCfg = Release|Any CPU
		{4874995A-023C-4430-8FB9-55CB80AFCEC9}.Release|Any CPU.Build.0 = Release|Any CPU
		{4F6FFF84-FF7F-4B64-892A-48F85EDA1A34}.Debug|Any CPU.ActiveCfg = Debug|Any CPU
		{4F6FFF84-FF7F-4B64-892A-48F85EDA1A34}.Debug|Any CPU.Build.0 = Debug|Any CPU
		{4F6FFF84-FF7F-4B64-892A-48F85EDA1A34}.Release|Any CPU.ActiveCfg = Release|Any CPU
		{4F6FFF84-FF7F-4B64-892A-48F85EDA1A34}.Release|Any CPU.Build.0 = Release|Any CPU
		{60831E77-2742-4AA3-8D14-660929F68E8D}.Debug|Any CPU.ActiveCfg = Debug|Any CPU
		{60831E77-2742-4AA3-8D14-660929F68E8D}.Debug|Any CPU.Build.0 = Debug|Any CPU
		{60831E77-2742-4AA3-8D14-660929F68E8D}.Release|Any CPU.ActiveCfg = Release|Any CPU
		{60831E77-2742-4AA3-8D14-660929F68E8D}.Release|Any CPU.Build.0 = Release|Any CPU
		{9DDB2796-8A50-413A-BAF3-668836A90C40}.Debug|Any CPU.ActiveCfg = Debug|Any CPU
		{9DDB2796-8A50-413A-BAF3-668836A90C40}.Debug|Any CPU.Build.0 = Debug|Any CPU
		{9DDB2796-8A50-413A-BAF3-668836A90C40}.Release|Any CPU.ActiveCfg = Release|Any CPU
		{9DDB2796-8A50-413A-BAF3-668836A90C40}.Release|Any CPU.Build.0 = Release|Any CPU
		{ED87D7E6-09B2-4423-8841-7C301AD032A4}.Debug|Any CPU.ActiveCfg = Debug|Any CPU
		{ED87D7E6-09B2-4423-8841-7C301AD032A4}.Debug|Any CPU.Build.0 = Debug|Any CPU
		{ED87D7E6-09B2-4423-8841-7C301AD032A4}.Release|Any CPU.ActiveCfg = Release|Any CPU
		{ED87D7E6-09B2-4423-8841-7C301AD032A4}.Release|Any CPU.Build.0 = Release|Any CPU
		{C7DBB602-50F0-4B6D-A4EE-53FED6C9ED03}.Debug|Any CPU.ActiveCfg = Debug|Any CPU
		{C7DBB602-50F0-4B6D-A4EE-53FED6C9ED03}.Debug|Any CPU.Build.0 = Debug|Any CPU
		{C7DBB602-50F0-4B6D-A4EE-53FED6C9ED03}.Release|Any CPU.ActiveCfg = Release|Any CPU
		{C7DBB602-50F0-4B6D-A4EE-53FED6C9ED03}.Release|Any CPU.Build.0 = Release|Any CPU
		{C3341AFB-7D2E-4173-A44E-E8E92192ACAD}.Debug|Any CPU.ActiveCfg = Debug|Any CPU
		{C3341AFB-7D2E-4173-A44E-E8E92192ACAD}.Debug|Any CPU.Build.0 = Debug|Any CPU
		{C3341AFB-7D2E-4173-A44E-E8E92192ACAD}.Release|Any CPU.ActiveCfg = Release|Any CPU
		{C3341AFB-7D2E-4173-A44E-E8E92192ACAD}.Release|Any CPU.Build.0 = Release|Any CPU
		{AD105E5C-7283-4783-AEA9-2C16A3DD3DDE}.Debug|Any CPU.ActiveCfg = Debug|Any CPU
		{AD105E5C-7283-4783-AEA9-2C16A3DD3DDE}.Debug|Any CPU.Build.0 = Debug|Any CPU
		{AD105E5C-7283-4783-AEA9-2C16A3DD3DDE}.Release|Any CPU.ActiveCfg = Release|Any CPU
		{AD105E5C-7283-4783-AEA9-2C16A3DD3DDE}.Release|Any CPU.Build.0 = Release|Any CPU
	EndGlobalSection
	GlobalSection(SolutionProperties) = preSolution
		HideSolutionNode = FALSE
	EndGlobalSection
	GlobalSection(NestedProjects) = preSolution
		{A3AEF8B1-C29B-4726-BE83-AEF0FF8EC48F} = {DD3EC732-1E67-4139-B08B-F37888C58964}
		{B445D1B9-4E3A-410A-8E65-D95411213E30} = {DD3EC732-1E67-4139-B08B-F37888C58964}
		{FDF08156-0489-42F8-8764-3BA133DD9AA5} = {DD3EC732-1E67-4139-B08B-F37888C58964}
		{E8658C28-6909-4356-A04D-92C66DAB6DE1} = {DD3EC732-1E67-4139-B08B-F37888C58964}
		{4874995A-023C-4430-8FB9-55CB80AFCEC9} = {DD3EC732-1E67-4139-B08B-F37888C58964}
		{4F6FFF84-FF7F-4B64-892A-48F85EDA1A34} = {DD3EC732-1E67-4139-B08B-F37888C58964}
		{60831E77-2742-4AA3-8D14-660929F68E8D} = {DD3EC732-1E67-4139-B08B-F37888C58964}
		{9DDB2796-8A50-413A-BAF3-668836A90C40} = {DD3EC732-1E67-4139-B08B-F37888C58964}
		{ED87D7E6-09B2-4423-8841-7C301AD032A4} = {DD3EC732-1E67-4139-B08B-F37888C58964}
		{C7DBB602-50F0-4B6D-A4EE-53FED6C9ED03} = {DD3EC732-1E67-4139-B08B-F37888C58964}
		{C3341AFB-7D2E-4173-A44E-E8E92192ACAD} = {DD3EC732-1E67-4139-B08B-F37888C58964}
	EndGlobalSection
	GlobalSection(ExtensibilityGlobals) = postSolution
		SolutionGuid = {478F20AF-7A17-4E79-A1E5-4C404B44472C}
	EndGlobalSection
EndGlobal
